
Microsoft Visual Studio Solution File, Format Version 12.00
Project("{FAE04EC0-301F-11D3-BF4B-00C04F79EFBC}") = "Lab 2", "Lab 2\Lab 2.csproj", "{F5F39FB7-2253-46E1-A5B1-AF0749510F5D}"
EndProject
Global
	GlobalSection(SolutionConfigurationPlatforms) = preSolution
		Debug|Any CPU = Debug|Any CPU
		Release|Any CPU = Release|Any CPU
	EndGlobalSection
	GlobalSection(ProjectConfigurationPlatforms) = postSolution
		{F5F39FB7-2253-46E1-A5B1-AF0749510F5D}.Debug|Any CPU.ActiveCfg = Debug|Any CPU
		{F5F39FB7-2253-46E1-A5B1-AF0749510F5D}.Debug|Any CPU.Build.0 = Debug|Any CPU
		{F5F39FB7-2253-46E1-A5B1-AF0749510F5D}.Release|Any CPU.ActiveCfg = Release|Any CPU
		{F5F39FB7-2253-46E1-A5B1-AF0749510F5D}.Release|Any CPU.Build.0 = Release|Any CPU
	EndGlobalSection
EndGlobal
